
Microsoft Visual Studio Solution File, Format Version 12.00
# Visual Studio 15
VisualStudioVersion = 15.0.27130.2026
MinimumVisualStudioVersion = 10.0.40219.1
Project("{FAE04EC0-301F-11D3-BF4B-00C04F79EFBC}") = "delegatesStuff", "delegatesStuff\delegatesStuff.csproj", "{A4AB4537-6A6E-4DDB-98A2-8658F4ED9ECF}"
EndProject
Project("{FAE04EC0-301F-11D3-BF4B-00C04F79EFBC}") = "factorialLibrary", "factorialLibrary\factorialLibrary.csproj", "{29E83931-EEAE-4526-B87F-F2366DC97FD0}"
EndProject
Project("{FAE04EC0-301F-11D3-BF4B-00C04F79EFBC}") = "FileSearch", "FileSearch\FileSearch.csproj", "{B9D2519C-9383-44FF-9CC7-2DFB9BE9230E}"
EndProject
Project("{FAE04EC0-301F-11D3-BF4B-00C04F79EFBC}") = "FileSearchConsoleApp1", "FileSearchConsoleApp1\FileSearchConsoleApp1.csproj", "{633B0AE1-CBAB-41B7-8E44-2253A635458E}"
EndProject
Project("{FAE04EC0-301F-11D3-BF4B-00C04F79EFBC}") = "FileSearchWindowsFormsApp1", "FileSearchWindowsFormsApp1\FileSearchWindowsFormsApp1.csproj", "{7D58E26C-5904-45EF-9A0A-297C711DB29E}"
EndProject
Project("{FAE04EC0-301F-11D3-BF4B-00C04F79EFBC}") = "HelloWorld", "HelloWorld\HelloWorld.csproj", "{15F91079-682D-4EB1-AE0D-66EC4E545F5C}"
EndProject
Project("{FAE04EC0-301F-11D3-BF4B-00C04F79EFBC}") = "HelloWeb2", "HelloWeb2\HelloWeb2.csproj", "{331E2257-0C79-4A06-B2BB-D6FA7989DC17}"
EndProject
Project("{FAE04EC0-301F-11D3-BF4B-00C04F79EFBC}") = "TestTConsoleApp1", "TestTConsoleApp1\TestTConsoleApp1.csproj", "{40E0D734-87C1-4CF1-9547-32F36F858013}"
EndProject
Global
	GlobalSection(SolutionConfigurationPlatforms) = preSolution
		Debug|Any CPU = Debug|Any CPU
		Release|Any CPU = Release|Any CPU
	EndGlobalSection
	GlobalSection(ProjectConfigurationPlatforms) = postSolution
		{A4AB4537-6A6E-4DDB-98A2-8658F4ED9ECF}.Debug|Any CPU.ActiveCfg = Debug|Any CPU
		{A4AB4537-6A6E-4DDB-98A2-8658F4ED9ECF}.Debug|Any CPU.Build.0 = Debug|Any CPU
		{A4AB4537-6A6E-4DDB-98A2-8658F4ED9ECF}.Release|Any CPU.ActiveCfg = Release|Any CPU
		{A4AB4537-6A6E-4DDB-98A2-8658F4ED9ECF}.Release|Any CPU.Build.0 = Release|Any CPU
		{29E83931-EEAE-4526-B87F-F2366DC97FD0}.Debug|Any CPU.ActiveCfg = Debug|Any CPU
		{29E83931-EEAE-4526-B87F-F2366DC97FD0}.Debug|Any CPU.Build.0 = Debug|Any CPU
		{29E83931-EEAE-4526-B87F-F2366DC97FD0}.Release|Any CPU.ActiveCfg = Release|Any CPU
		{29E83931-EEAE-4526-B87F-F2366DC97FD0}.Release|Any CPU.Build.0 = Release|Any CPU
		{B9D2519C-9383-44FF-9CC7-2DFB9BE9230E}.Debug|Any CPU.ActiveCfg = Debug|Any CPU
		{B9D2519C-9383-44FF-9CC7-2DFB9BE9230E}.Debug|Any CPU.Build.0 = Debug|Any CPU
		{B9D2519C-9383-44FF-9CC7-2DFB9BE9230E}.Release|Any CPU.ActiveCfg = Release|Any CPU
		{B9D2519C-9383-44FF-9CC7-2DFB9BE9230E}.Release|Any CPU.Build.0 = Release|Any CPU
		{633B0AE1-CBAB-41B7-8E44-2253A635458E}.Debug|Any CPU.ActiveCfg = Debug|Any CPU
		{633B0AE1-CBAB-41B7-8E44-2253A635458E}.Debug|Any CPU.Build.0 = Debug|Any CPU
		{633B0AE1-CBAB-41B7-8E44-2253A635458E}.Release|Any CPU.ActiveCfg = Release|Any CPU
		{633B0AE1-CBAB-41B7-8E44-2253A635458E}.Release|Any CPU.Build.0 = Release|Any CPU
		{7D58E26C-5904-45EF-9A0A-297C711DB29E}.Debug|Any CPU.ActiveCfg = Debug|Any CPU
		{7D58E26C-5904-45EF-9A0A-297C711DB29E}.Debug|Any CPU.Build.0 = Debug|Any CPU
		{7D58E26C-5904-45EF-9A0A-297C711DB29E}.Release|Any CPU.ActiveCfg = Release|Any CPU
		{7D58E26C-5904-45EF-9A0A-297C711DB29E}.Release|Any CPU.Build.0 = Release|Any CPU
		{15F91079-682D-4EB1-AE0D-66EC4E545F5C}.Debug|Any CPU.ActiveCfg = Debug|Any CPU
		{15F91079-682D-4EB1-AE0D-66EC4E545F5C}.Debug|Any CPU.Build.0 = Debug|Any CPU
		{15F91079-682D-4EB1-AE0D-66EC4E545F5C}.Release|Any CPU.ActiveCfg = Release|Any CPU
		{15F91079-682D-4EB1-AE0D-66EC4E545F5C}.Release|Any CPU.Build.0 = Release|Any CPU
		{331E2257-0C79-4A06-B2BB-D6FA7989DC17}.Debug|Any CPU.ActiveCfg = Debug|Any CPU
		{331E2257-0C79-4A06-B2BB-D6FA7989DC17}.Debug|Any CPU.Build.0 = Debug|Any CPU
		{331E2257-0C79-4A06-B2BB-D6FA7989DC17}.Release|Any CPU.ActiveCfg = Release|Any CPU
		{331E2257-0C79-4A06-B2BB-D6FA7989DC17}.Release|Any CPU.Build.0 = Release|Any CPU
		{40E0D734-87C1-4CF1-9547-32F36F858013}.Debug|Any CPU.ActiveCfg = Debug|Any CPU
		{40E0D734-87C1-4CF1-9547-32F36F858013}.Debug|Any CPU.Build.0 = Debug|Any CPU
		{40E0D734-87C1-4CF1-9547-32F36F858013}.Release|Any CPU.ActiveCfg = Release|Any CPU
		{40E0D734-87C1-4CF1-9547-32F36F858013}.Release|Any CPU.Build.0 = Release|Any CPU
	EndGlobalSection
	GlobalSection(SolutionProperties) = preSolution
		HideSolutionNode = FALSE
	EndGlobalSection
	GlobalSection(ExtensibilityGlobals) = postSolution
		SolutionGuid = {0EA0EA0C-69D1-4A02-A1BA-0CD9FD4C17DF}
	EndGlobalSection
EndGlobal
